// !$*UTF8*$!
{
	archiveVersion = 1;
	classes = {
	};
	objectVersion = 50;
	objects = {

/* Begin PBXBuildFile section */
		A7B6231F251F4B0D0081213E /* point.h in Headers */ = {isa = PBXBuildFile; fileRef = A7B6231D251F4B0D0081213E /* point.h */; settings = {ATTRIBUTES = (Public, ); }; };
		A7B62320251F4B0D0081213E /* point.c in Sources */ = {isa = PBXBuildFile; fileRef = A7B6231E251F4B0D0081213E /* point.c */; };
		A7B62343251F4BC80081213E /* libtryCLibrary.dylib in Frameworks */ = {isa = PBXBuildFile; fileRef = A7B62315251F4AFC0081213E /* libtryCLibrary.dylib */; };
		A7B6234C251F4BE40081213E /* tryCTests.m in Sources */ = {isa = PBXBuildFile; fileRef = A7B6234B251F4BE40081213E /* tryCTests.m */; };
		A7B62354251F4BEE0081213E /* Info.plist in Resources */ = {isa = PBXBuildFile; fileRef = A7B62353251F4BEE0081213E /* Info.plist */; };
/* End PBXBuildFile section */

/* Begin PBXContainerItemProxy section */
		A7B62344251F4BC80081213E /* PBXContainerItemProxy */ = {
			isa = PBXContainerItemProxy;
			containerPortal = A7B6230D251F4AFC0081213E /* Project object */;
			proxyType = 1;
			remoteGlobalIDString = A7B62314251F4AFC0081213E;
			remoteInfo = tryCLibrary;
		};
/* End PBXContainerItemProxy section */

/* Begin PBXFileReference section */
		A7B62315251F4AFC0081213E /* libtryCLibrary.dylib */ = {isa = PBXFileReference; explicitFileType = "compiled.mach-o.dylib"; includeInIndex = 0; path = libtryCLibrary.dylib; sourceTree = BUILT_PRODUCTS_DIR; };
		A7B6231D251F4B0D0081213E /* point.h */ = {isa = PBXFileReference; lastKnownFileType = sourcecode.c.h; path = point.h; sourceTree = "<group>"; };
		A7B6231E251F4B0D0081213E /* point.c */ = {isa = PBXFileReference; lastKnownFileType = sourcecode.c.c; path = point.c; sourceTree = "<group>"; };
		A7B6233E251F4BC80081213E /* tryCTests.xctest */ = {isa = PBXFileReference; explicitFileType = wrapper.cfbundle; includeInIndex = 0; path = tryCTests.xctest; sourceTree = BUILT_PRODUCTS_DIR; };
		A7B6234B251F4BE40081213E /* tryCTests.m */ = {isa = PBXFileReference; fileEncoding = 4; lastKnownFileType = sourcecode.c.objc; path = tryCTests.m; sourceTree = "<group>"; };
		A7B62353251F4BEE0081213E /* Info.plist */ = {isa = PBXFileReference; fileEncoding = 4; lastKnownFileType = text.plist.xml; path = Info.plist; sourceTree = "<group>"; };
/* End PBXFileReference section */

/* Begin PBXFrameworksBuildPhase section */
		A7B62313251F4AFC0081213E /* Frameworks */ = {
			isa = PBXFrameworksBuildPhase;
			buildActionMask = 2147483647;
			files = (
			);
			runOnlyForDeploymentPostprocessing = 0;
		};
		A7B6233B251F4BC80081213E /* Frameworks */ = {
			isa = PBXFrameworksBuildPhase;
			buildActionMask = 2147483647;
			files = (
				A7B62343251F4BC80081213E /* libtryCLibrary.dylib in Frameworks */,
			);
			runOnlyForDeploymentPostprocessing = 0;
		};
/* End PBXFrameworksBuildPhase section */

/* Begin PBXGroup section */
		A7B6230C251F4AFC0081213E = {
			isa = PBXGroup;
			children = (
				A7B62333251F4B780081213E /* public */,
				A7B6231E251F4B0D0081213E /* point.c */,
				A7B6233F251F4BC80081213E /* tryCTests */,
				A7B62316251F4AFC0081213E /* Products */,
			);
			sourceTree = "<group>";
		};
		A7B62316251F4AFC0081213E /* Products */ = {
			isa = PBXGroup;
			children = (
				A7B62315251F4AFC0081213E /* libtryCLibrary.dylib */,
				A7B6233E251F4BC80081213E /* tryCTests.xctest */,
			);
			name = Products;
			sourceTree = "<group>";
		};
		A7B62333251F4B780081213E /* public */ = {
			isa = PBXGroup;
			children = (
				A7B6231D251F4B0D0081213E /* point.h */,
			);
			path = public;
			sourceTree = "<group>";
		};
		A7B6233F251F4BC80081213E /* tryCTests */ = {
			isa = PBXGroup;
			children = (
				A7B6234B251F4BE40081213E /* tryCTests.m */,
				A7B62353251F4BEE0081213E /* Info.plist */,
			);
			path = tryCTests;
			sourceTree = "<group>";
		};
/* End PBXGroup section */

/* Begin PBXHeadersBuildPhase section */
		A7B62311251F4AFC0081213E /* Headers */ = {
			isa = PBXHeadersBuildPhase;
			buildActionMask = 2147483647;
			files = (
				A7B6231F251F4B0D0081213E /* point.h in Headers */,
			);
			runOnlyForDeploymentPostprocessing = 0;
		};
/* End PBXHeadersBuildPhase section */

/* Begin PBXNativeTarget section */
		A7B62314251F4AFC0081213E /* tryCLibrary */ = {
			isa = PBXNativeTarget;
			buildConfigurationList = A7B62319251F4AFC0081213E /* Build configuration list for PBXNativeTarget "tryCLibrary" */;
			buildPhases = (
				A7B62311251F4AFC0081213E /* Headers */,
				A7B62312251F4AFC0081213E /* Sources */,
				A7B62313251F4AFC0081213E /* Frameworks */,
			);
			buildRules = (
			);
			dependencies = (
			);
			name = tryCLibrary;
			productName = tryCLibrary;
			productReference = A7B62315251F4AFC0081213E /* libtryCLibrary.dylib */;
			productType = "com.apple.product-type.library.dynamic";
		};
		A7B6233D251F4BC80081213E /* tryCTests */ = {
			isa = PBXNativeTarget;
			buildConfigurationList = A7B62346251F4BC80081213E /* Build configuration list for PBXNativeTarget "tryCTests" */;
			buildPhases = (
				A7B6233A251F4BC80081213E /* Sources */,
				A7B6233B251F4BC80081213E /* Frameworks */,
				A7B6233C251F4BC80081213E /* Resources */,
			);
			buildRules = (
			);
			dependencies = (
				A7B62345251F4BC80081213E /* PBXTargetDependency */,
			);
			name = tryCTests;
			productName = tryCTests;
			productReference = A7B6233E251F4BC80081213E /* tryCTests.xctest */;
			productType = "com.apple.product-type.bundle.unit-test";
		};
/* End PBXNativeTarget section */

/* Begin PBXProject section */
		A7B6230D251F4AFC0081213E /* Project object */ = {
			isa = PBXProject;
			attributes = {
				LastSwiftUpdateCheck = 1200;
				LastUpgradeCheck = 1200;
				TargetAttributes = {
					A7B62314251F4AFC0081213E = {
						CreatedOnToolsVersion = 12.0;
					};
					A7B6233D251F4BC80081213E = {
						CreatedOnToolsVersion = 12.0;
					};
				};
			};
			buildConfigurationList = A7B62310251F4AFC0081213E /* Build configuration list for PBXProject "tryCLibrary" */;
			compatibilityVersion = "Xcode 9.3";
			developmentRegion = en;
			hasScannedForEncodings = 0;
			knownRegions = (
				en,
				Base,
			);
			mainGroup = A7B6230C251F4AFC0081213E;
			productRefGroup = A7B62316251F4AFC0081213E /* Products */;
			projectDirPath = "";
			projectRoot = "";
			targets = (
				A7B62314251F4AFC0081213E /* tryCLibrary */,
				A7B6233D251F4BC80081213E /* tryCTests */,
			);
		};
/* End PBXProject section */

/* Begin PBXResourcesBuildPhase section */
		A7B6233C251F4BC80081213E /* Resources */ = {
			isa = PBXResourcesBuildPhase;
			buildActionMask = 2147483647;
			files = (
				A7B62354251F4BEE0081213E /* Info.plist in Resources */,
			);
			runOnlyForDeploymentPostprocessing = 0;
		};
/* End PBXResourcesBuildPhase section */

/* Begin PBXSourcesBuildPhase section */
		A7B62312251F4AFC0081213E /* Sources */ = {
			isa = PBXSourcesBuildPhase;
			buildActionMask = 2147483647;
			files = (
				A7B62320251F4B0D0081213E /* point.c in Sources */,
			);
			runOnlyForDeploymentPostprocessing = 0;
		};
		A7B6233A251F4BC80081213E /* Sources */ = {
			isa = PBXSourcesBuildPhase;
			buildActionMask = 2147483647;
			files = (
				A7B6234C251F4BE40081213E /* tryCTests.m in Sources */,
			);
			runOnlyForDeploymentPostprocessing = 0;
		};
/* End PBXSourcesBuildPhase section */

/* Begin PBXTargetDependency section */
		A7B62345251F4BC80081213E /* PBXTargetDependency */ = {
			isa = PBXTargetDependency;
			target = A7B62314251F4AFC0081213E /* tryCLibrary */;
			targetProxy = A7B62344251F4BC80081213E /* PBXContainerItemProxy */;
		};
/* End PBXTargetDependency section */

/* Begin XCBuildConfiguration section */
		A7B62317251F4AFC0081213E /* Debug */ = {
			isa = XCBuildConfiguration;
			buildSettings = {
				ALWAYS_SEARCH_USER_PATHS = NO;
				CLANG_ANALYZER_NONNULL = YES;
				CLANG_ANALYZER_NUMBER_OBJECT_CONVERSION = YES_AGGRESSIVE;
				CLANG_CXX_LANGUAGE_STANDARD = "gnu++14";
				CLANG_CXX_LIBRARY = "libc++";
				CLANG_ENABLE_MODULES = YES;
				CLANG_ENABLE_OBJC_ARC = YES;
				CLANG_ENABLE_OBJC_WEAK = YES;
				CLANG_WARN_BLOCK_CAPTURE_AUTORELEASING = YES;
				CLANG_WARN_BOOL_CONVERSION = YES;
				CLANG_WARN_COMMA = YES;
				CLANG_WARN_CONSTANT_CONVERSION = YES;
				CLANG_WARN_DEPRECATED_OBJC_IMPLEMENTATIONS = YES;
				CLANG_WARN_DIRECT_OBJC_ISA_USAGE = YES_ERROR;
				CLANG_WARN_DOCUMENTATION_COMMENTS = YES;
				CLANG_WARN_EMPTY_BODY = YES;
				CLANG_WARN_ENUM_CONVERSION = YES;
				CLANG_WARN_INFINITE_RECURSION = YES;
				CLANG_WARN_INT_CONVERSION = YES;
				CLANG_WARN_NON_LITERAL_NULL_CONVERSION = YES;
				CLANG_WARN_OBJC_IMPLICIT_RETAIN_SELF = YES;
				CLANG_WARN_OBJC_LITERAL_CONVERSION = YES;
				CLANG_WARN_OBJC_ROOT_CLASS = YES_ERROR;
				CLANG_WARN_QUOTED_INCLUDE_IN_FRAMEWORK_HEADER = YES;
				CLANG_WARN_RANGE_LOOP_ANALYSIS = YES;
				CLANG_WARN_STRICT_PROTOTYPES = YES;
				CLANG_WARN_SUSPICIOUS_MOVE = YES;
				CLANG_WARN_UNGUARDED_AVAILABILITY = YES_AGGRESSIVE;
				CLANG_WARN_UNREACHABLE_CODE = YES;
				CLANG_WARN__DUPLICATE_METHOD_MATCH = YES;
				COPY_PHASE_STRIP = NO;
				DEBUG_INFORMATION_FORMAT = dwarf;
				ENABLE_STRICT_OBJC_MSGSEND = YES;
				ENABLE_TESTABILITY = YES;
				GCC_C_LANGUAGE_STANDARD = gnu11;
				GCC_DYNAMIC_NO_PIC = NO;
				GCC_NO_COMMON_BLOCKS = YES;
				GCC_OPTIMIZATION_LEVEL = 0;
				GCC_PREPROCESSOR_DEFINITIONS = (
					"DEBUG=1",
					"$(inherited)",
				);
				GCC_WARN_64_TO_32_BIT_CONVERSION = YES;
				GCC_WARN_ABOUT_RETURN_TYPE = YES_ERROR;
				GCC_WARN_UNDECLARED_SELECTOR = YES;
				GCC_WARN_UNINITIALIZED_AUTOS = YES_AGGRESSIVE;
				GCC_WARN_UNUSED_FUNCTION = YES;
				GCC_WARN_UNUSED_VARIABLE = YES;
				MACOSX_DEPLOYMENT_TARGET = 10.15;
				MTL_ENABLE_DEBUG_INFO = INCLUDE_SOURCE;
				MTL_FAST_MATH = YES;
				ONLY_ACTIVE_ARCH = YES;
				SDKROOT = macosx;
			};
			name = Debug;
		};
		A7B62318251F4AFC0081213E /* Release */ = {
			isa = XCBuildConfiguration;
			buildSettings = {
				ALWAYS_SEARCH_USER_PATHS = NO;
				CLANG_ANALYZER_NONNULL = YES;
				CLANG_ANALYZER_NUMBER_OBJECT_CONVERSION = YES_AGGRESSIVE;
				CLANG_CXX_LANGUAGE_STANDARD = "gnu++14";
				CLANG_CXX_LIBRARY = "libc++";
				CLANG_ENABLE_MODULES = YES;
				CLANG_ENABLE_OBJC_ARC = YES;
				CLANG_ENABLE_OBJC_WEAK = YES;
				CLANG_WARN_BLOCK_CAPTURE_AUTORELEASING = YES;
				CLANG_WARN_BOOL_CONVERSION = YES;
				CLANG_WARN_COMMA = YES;
				CLANG_WARN_CONSTANT_CONVERSION = YES;
				CLANG_WARN_DEPRECATED_OBJC_IMPLEMENTATIONS = YES;
				CLANG_WARN_DIRECT_OBJC_ISA_USAGE = YES_ERROR;
				CLANG_WARN_DOCUMENTATION_COMMENTS = YES;
				CLANG_WARN_EMPTY_BODY = YES;
				CLANG_WARN_ENUM_CONVERSION = YES;
				CLANG_WARN_INFINITE_RECURSION = YES;
				CLANG_WARN_INT_CONVERSION = YES;
				CLANG_WARN_NON_LITERAL_NULL_CONVERSION = YES;
				CLANG_WARN_OBJC_IMPLICIT_RETAIN_SELF = YES;
				CLANG_WARN_OBJC_LITERAL_CONVERSION = YES;
				CLANG_WARN_OBJC_ROOT_CLASS = YES_ERROR;
				CLANG_WARN_QUOTED_INCLUDE_IN_FRAMEWORK_HEADER = YES;
				CLANG_WARN_RANGE_LOOP_ANALYSIS = YES;
				CLANG_WARN_STRICT_PROTOTYPES = YES;
				CLANG_WARN_SUSPICIOUS_MOVE = YES;
				CLANG_WARN_UNGUARDED_AVAILABILITY = YES_AGGRESSIVE;
				CLANG_WARN_UNREACHABLE_CODE = YES;
				CLANG_WARN__DUPLICATE_METHOD_MATCH = YES;
				COPY_PHASE_STRIP = NO;
				DEBUG_INFORMATION_FORMAT = "dwarf-with-dsym";
				ENABLE_NS_ASSERTIONS = NO;
				ENABLE_STRICT_OBJC_MSGSEND = YES;
				GCC_C_LANGUAGE_STANDARD = gnu11;
				GCC_NO_COMMON_BLOCKS = YES;
				GCC_WARN_64_TO_32_BIT_CONVERSION = YES;
				GCC_WARN_ABOUT_RETURN_TYPE = YES_ERROR;
				GCC_WARN_UNDECLARED_SELECTOR = YES;
				GCC_WARN_UNINITIALIZED_AUTOS = YES_AGGRESSIVE;
				GCC_WARN_UNUSED_FUNCTION = YES;
				GCC_WARN_UNUSED_VARIABLE = YES;
				MACOSX_DEPLOYMENT_TARGET = 10.15;
				MTL_ENABLE_DEBUG_INFO = NO;
				MTL_FAST_MATH = YES;
				SDKROOT = macosx;
			};
			name = Release;
		};
		A7B6231A251F4AFC0081213E /* Debug */ = {
			isa = XCBuildConfiguration;
			buildSettings = {
				CODE_SIGN_STYLE = Automatic;
				DEVELOPMENT_TEAM = 3AMPL46LPV;
				DYLIB_COMPATIBILITY_VERSION = 1;
				DYLIB_CURRENT_VERSION = 1;
				EXECUTABLE_PREFIX = lib;
				PRODUCT_NAME = "$(TARGET_NAME)";
				SKIP_INSTALL = YES;
			};
			name = Debug;
		};
		A7B6231B251F4AFC0081213E /* Release */ = {
			isa = XCBuildConfiguration;
			buildSettings = {
				CODE_SIGN_STYLE = Automatic;
				DEVELOPMENT_TEAM = 3AMPL46LPV;
				DYLIB_COMPATIBILITY_VERSION = 1;
				DYLIB_CURRENT_VERSION = 1;
				EXECUTABLE_PREFIX = lib;
				PRODUCT_NAME = "$(TARGET_NAME)";
				SKIP_INSTALL = YES;
			};
			name = Release;
		};
		A7B62347251F4BC80081213E /* Debug */ = {
			isa = XCBuildConfiguration;
			buildSettings = {
				CODE_SIGN_STYLE = Automatic;
				COMBINE_HIDPI_IMAGES = YES;
				DEVELOPMENT_TEAM = 3AMPL46LPV;
				INFOPLIST_FILE = tryCTests/Info.plist;
				LD_RUNPATH_SEARCH_PATHS = (
					"$(inherited)",
					"@executable_path/../Frameworks",
					"@loader_path/../Frameworks",
				);
				PRODUCT_BUNDLE_IDENTIFIER = com.ytyubox.tryCTests;
				PRODUCT_NAME = "$(TARGET_NAME)";
			};
			name = Debug;
		};
		A7B62348251F4BC80081213E /* Release */ = {
			isa = XCBuildConfiguration;
			buildSettings = {
				CODE_SIGN_STYLE = Automatic;
				COMBINE_HIDPI_IMAGES = YES;
				DEVELOPMENT_TEAM = 3AMPL46LPV;
				INFOPLIST_FILE = tryCTests/Info.plist;
				LD_RUNPATH_SEARCH_PATHS = (
					"$(inherited)",
					"@executable_path/../Frameworks",
					"@loader_path/../Frameworks",
				);
				PRODUCT_BUNDLE_IDENTIFIER = com.ytyubox.tryCTests;
				PRODUCT_NAME = "$(TARGET_NAME)";
			};
			name = Release;
		};
/* End XCBuildConfiguration section */

/* Begin XCConfigurationList section */
		A7B62310251F4AFC0081213E /* Build configuration list for PBXProject "tryCLibrary" */ = {
			isa = XCConfigurationList;
			buildConfigurations = (
				A7B62317251F4AFC0081213E /* Debug */,
				A7B62318251F4AFC0081213E /* Release */,
			);
			defaultConfigurationIsVisible = 0;
			defaultConfigurationName = Release;
		};
		A7B62319251F4AFC0081213E /* Build configuration list for PBXNativeTarget "tryCLibrary" */ = {
			isa = XCConfigurationList;
			buildConfigurations = (
				A7B6231A251F4AFC0081213E /* Debug */,
				A7B6231B251F4AFC0081213E /* Release */,
			);
			defaultConfigurationIsVisible = 0;
			defaultConfigurationName = Release;
		};
		A7B62346251F4BC80081213E /* Build configuration list for PBXNativeTarget "tryCTests" */ = {
			isa = XCConfigurationList;
			buildConfigurations = (
				A7B62347251F4BC80081213E /* Debug */,
				A7B62348251F4BC80081213E /* Release */,
			);
			defaultConfigurationIsVisible = 0;
			defaultConfigurationName = Release;
		};
/* End XCConfigurationList section */
	};
	rootObject = A7B6230D251F4AFC0081213E /* Project object */;
}
